{
  "name": "fs-stats-test",
  "version": "0.1.0",
  "lockfileVersion": 3,
  "requires": true,
  "packages": {
    "": {
      "name": "fs-stats-test",
      "version": "0.1.0",
      "license": "MIT",
      "dependencies": {
        "fs-stats-test": "^0.1.0"
      }
    },
    "node_modules/fs-stats-test": {
      "version": "0.1.0",
      "resolved": "https://registry.npmjs.org/fs-stats-test/-/fs-stats-test-0.1.0.tgz",
      "integrity": "sha512-GLMRrahzdtjaPoZCTEGtNpHvxvIMkD1fbrmyDpgfiohuJtLoF3QzgEhaBBRSqlAgKxarpv5UwkUftm5xjOpc5g=="
    }
  }
}
